<?xml version="1.0" encoding="UTF-8"?>
<CodeBlocks_project_file>
	<FileVersion major="1" minor="6"/>
	<Project>
		<Option title="MINI_laby_14"/>
		<Option makefile_is_custom="1"/>
		<Option compiler="gcc"/>
		<Option virtualFolders="CMake Files\;"/>
		<Build>
			<Target title="all">
				<Option working_dir="/mnt/c/Users/Miki/CLionProjects/MINI_laby_14/cmake-build-debug"/>
				<Option type="4"/>
				<MakeCommands>
					<Build command="/usr/bin/gmake -j16 -f &quot;/mnt/c/Users/Miki/CLionProjects/MINI_laby_14/cmake-build-debug/Makefile&quot;  VERBOSE=1 all"/>
					<CompileFile command="/usr/bin/gmake -j16 -f &quot;/mnt/c/Users/Miki/CLionProjects/MINI_laby_14/cmake-build-debug/Makefile&quot;  VERBOSE=1 &quot;$file&quot;"/>
					<Clean command="/usr/bin/gmake -j16 -f &quot;/mnt/c/Users/Miki/CLionProjects/MINI_laby_14/cmake-build-debug/Makefile&quot;  VERBOSE=1 clean"/>
					<DistClean command="/usr/bin/gmake -j16 -f &quot;/mnt/c/Users/Miki/CLionProjects/MINI_laby_14/cmake-build-debug/Makefile&quot;  VERBOSE=1 clean"/>
				</MakeCommands>
			</Target>
			<Target title="MINI_laby_14">
				<Option output="/mnt/c/Users/Miki/CLionProjects/MINI_laby_14/cmake-build-debug/MINI_laby_14" prefix_auto="0" extension_auto="0"/>
				<Option working_dir="/mnt/c/Users/Miki/CLionProjects/MINI_laby_14/cmake-build-debug"/>
				<Option object_output="./"/>
				<Option type="1"/>
				<Option compiler="gcc"/>
				<Compiler>
					<Add directory="/usr/include/c++/10"/>
					<Add directory="/usr/include/x86_64-linux-gnu/c++/10"/>
					<Add directory="/usr/include/c++/10/backward"/>
					<Add directory="/usr/lib/gcc/x86_64-linux-gnu/10/include"/>
					<Add directory="/usr/local/include"/>
					<Add directory="/usr/include/x86_64-linux-gnu"/>
					<Add directory="/usr/include"/>
				</Compiler>
				<MakeCommands>
					<Build command="/usr/bin/gmake -j16 -f &quot;/mnt/c/Users/Miki/CLionProjects/MINI_laby_14/cmake-build-debug/Makefile&quot;  VERBOSE=1 MINI_laby_14"/>
					<CompileFile command="/usr/bin/gmake -j16 -f &quot;/mnt/c/Users/Miki/CLionProjects/MINI_laby_14/cmake-build-debug/Makefile&quot;  VERBOSE=1 &quot;$file&quot;"/>
					<Clean command="/usr/bin/gmake -j16 -f &quot;/mnt/c/Users/Miki/CLionProjects/MINI_laby_14/cmake-build-debug/Makefile&quot;  VERBOSE=1 clean"/>
					<DistClean command="/usr/bin/gmake -j16 -f &quot;/mnt/c/Users/Miki/CLionProjects/MINI_laby_14/cmake-build-debug/Makefile&quot;  VERBOSE=1 clean"/>
				</MakeCommands>
			</Target>
			<Target title="MINI_laby_14/fast">
				<Option output="/mnt/c/Users/Miki/CLionProjects/MINI_laby_14/cmake-build-debug/MINI_laby_14" prefix_auto="0" extension_auto="0"/>
				<Option working_dir="/mnt/c/Users/Miki/CLionProjects/MINI_laby_14/cmake-build-debug"/>
				<Option object_output="./"/>
				<Option type="1"/>
				<Option compiler="gcc"/>
				<Compiler>
					<Add directory="/usr/include/c++/10"/>
					<Add directory="/usr/include/x86_64-linux-gnu/c++/10"/>
					<Add directory="/usr/include/c++/10/backward"/>
					<Add directory="/usr/lib/gcc/x86_64-linux-gnu/10/include"/>
					<Add directory="/usr/local/include"/>
					<Add directory="/usr/include/x86_64-linux-gnu"/>
					<Add directory="/usr/include"/>
				</Compiler>
				<MakeCommands>
					<Build command="/usr/bin/gmake -j16 -f &quot;/mnt/c/Users/Miki/CLionProjects/MINI_laby_14/cmake-build-debug/Makefile&quot;  VERBOSE=1 MINI_laby_14/fast"/>
					<CompileFile command="/usr/bin/gmake -j16 -f &quot;/mnt/c/Users/Miki/CLionProjects/MINI_laby_14/cmake-build-debug/Makefile&quot;  VERBOSE=1 &quot;$file&quot;"/>
					<Clean command="/usr/bin/gmake -j16 -f &quot;/mnt/c/Users/Miki/CLionProjects/MINI_laby_14/cmake-build-debug/Makefile&quot;  VERBOSE=1 clean"/>
					<DistClean command="/usr/bin/gmake -j16 -f &quot;/mnt/c/Users/Miki/CLionProjects/MINI_laby_14/cmake-build-debug/Makefile&quot;  VERBOSE=1 clean"/>
				</MakeCommands>
			</Target>
			<Target title="edit_cache">
				<Option working_dir="/mnt/c/Users/Miki/CLionProjects/MINI_laby_14/cmake-build-debug"/>
				<Option type="4"/>
				<MakeCommands>
					<Build command="/usr/bin/gmake -j16 -f &quot;/mnt/c/Users/Miki/CLionProjects/MINI_laby_14/cmake-build-debug/Makefile&quot;  VERBOSE=1 edit_cache"/>
					<CompileFile command="/usr/bin/gmake -j16 -f &quot;/mnt/c/Users/Miki/CLionProjects/MINI_laby_14/cmake-build-debug/Makefile&quot;  VERBOSE=1 &quot;$file&quot;"/>
					<Clean command="/usr/bin/gmake -j16 -f &quot;/mnt/c/Users/Miki/CLionProjects/MINI_laby_14/cmake-build-debug/Makefile&quot;  VERBOSE=1 clean"/>
					<DistClean command="/usr/bin/gmake -j16 -f &quot;/mnt/c/Users/Miki/CLionProjects/MINI_laby_14/cmake-build-debug/Makefile&quot;  VERBOSE=1 clean"/>
				</MakeCommands>
			</Target>
			<Target title="rebuild_cache">
				<Option working_dir="/mnt/c/Users/Miki/CLionProjects/MINI_laby_14/cmake-build-debug"/>
				<Option type="4"/>
				<MakeCommands>
					<Build command="/usr/bin/gmake -j16 -f &quot;/mnt/c/Users/Miki/CLionProjects/MINI_laby_14/cmake-build-debug/Makefile&quot;  VERBOSE=1 rebuild_cache"/>
					<CompileFile command="/usr/bin/gmake -j16 -f &quot;/mnt/c/Users/Miki/CLionProjects/MINI_laby_14/cmake-build-debug/Makefile&quot;  VERBOSE=1 &quot;$file&quot;"/>
					<Clean command="/usr/bin/gmake -j16 -f &quot;/mnt/c/Users/Miki/CLionProjects/MINI_laby_14/cmake-build-debug/Makefile&quot;  VERBOSE=1 clean"/>
					<DistClean command="/usr/bin/gmake -j16 -f &quot;/mnt/c/Users/Miki/CLionProjects/MINI_laby_14/cmake-build-debug/Makefile&quot;  VERBOSE=1 clean"/>
				</MakeCommands>
			</Target>
		</Build>
		<Unit filename="/mnt/c/Users/Miki/CLionProjects/MINI_laby_14/Course.h">
			<Option target="MINI_laby_14"/>
		</Unit>
		<Unit filename="/mnt/c/Users/Miki/CLionProjects/MINI_laby_14/Student.h">
			<Option target="MINI_laby_14"/>
		</Unit>
		<Unit filename="/mnt/c/Users/Miki/CLionProjects/MINI_laby_14/StudentComparator.cpp">
			<Option target="MINI_laby_14"/>
		</Unit>
		<Unit filename="/mnt/c/Users/Miki/CLionProjects/MINI_laby_14/StudentComparator.h">
			<Option target="MINI_laby_14"/>
		</Unit>
		<Unit filename="/mnt/c/Users/Miki/CLionProjects/MINI_laby_14/StudentDatabase.h">
			<Option target="MINI_laby_14"/>
		</Unit>
		<Unit filename="/mnt/c/Users/Miki/CLionProjects/MINI_laby_14/StudentsDatabase.cpp">
			<Option target="MINI_laby_14"/>
		</Unit>
		<Unit filename="/mnt/c/Users/Miki/CLionProjects/MINI_laby_14/main.cpp">
			<Option target="MINI_laby_14"/>
		</Unit>
		<Unit filename="/mnt/c/Users/Miki/CLionProjects/MINI_laby_14/CMakeLists.txt">
			<Option virtualFolder="CMake Files\"/>
		</Unit>
	</Project>
</CodeBlocks_project_file>
